
Microsoft Visual Studio Solution File, Format Version 12.00
# Visual Studio 15
VisualStudioVersion = 15.0.27428.2015
MinimumVisualStudioVersion = 10.0.40219.1
Project("{9A19103F-16F7-4668-BE54-9A1E7A4F7556}") = "NinjaMvvm", "NinjaMvvm\NinjaMvvm.csproj", "{CA8CBD46-C683-43A2-993A-428C34D00190}"
EndProject
Project("{FAE04EC0-301F-11D3-BF4B-00C04F79EFBC}") = "NinjaMvvm.Wpf", "NinjaMvvm.Wpf\NinjaMvvm.Wpf.csproj", "{D9D87FF2-BB1A-4EBE-A8B6-D0891C8E6C69}"
EndProject
Project("{2150E333-8FDC-42A3-9474-1A3956D46DE8}") = "Samples", "Samples", "{1BE9182F-1924-47FE-B8FC-8973BE56EC5A}"
EndProject
Project("{FAE04EC0-301F-11D3-BF4B-00C04F79EFBC}") = "NinjaMvvm.Wpf.Samples", "Samples\NinjaMvvm.Wpf.Samples\NinjaMvvm.Wpf.Samples.csproj", "{FFA3AD8B-E9F3-4DAE-A131-97396E36A000}"
EndProject
Project("{2150E333-8FDC-42A3-9474-1A3956D46DE8}") = "Tests", "Tests", "{3AF5EA63-577D-4B4D-9B86-CEE34083F8F1}"
EndProject
Project("{FAE04EC0-301F-11D3-BF4B-00C04F79EFBC}") = "NinjaMvvmTests", "Tests\NinjaMvvmTests\NinjaMvvmTests.csproj", "{DAD42ECB-058F-49CC-9325-43C61E66687F}"
EndProject
Global
	GlobalSection(SolutionConfigurationPlatforms) = preSolution
		Debug|Any CPU = Debug|Any CPU
		Release|Any CPU = Release|Any CPU
	EndGlobalSection
	GlobalSection(ProjectConfigurationPlatforms) = postSolution
		{CA8CBD46-C683-43A2-993A-428C34D00190}.Debug|Any CPU.ActiveCfg = Debug|Any CPU
		{CA8CBD46-C683-43A2-993A-428C34D00190}.Debug|Any CPU.Build.0 = Debug|Any CPU
		{CA8CBD46-C683-43A2-993A-428C34D00190}.Release|Any CPU.ActiveCfg = Release|Any CPU
		{CA8CBD46-C683-43A2-993A-428C34D00190}.Release|Any CPU.Build.0 = Release|Any CPU
		{D9D87FF2-BB1A-4EBE-A8B6-D0891C8E6C69}.Debug|Any CPU.ActiveCfg = Debug|Any CPU
		{D9D87FF2-BB1A-4EBE-A8B6-D0891C8E6C69}.Debug|Any CPU.Build.0 = Debug|Any CPU
		{D9D87FF2-BB1A-4EBE-A8B6-D0891C8E6C69}.Release|Any CPU.ActiveCfg = Release|Any CPU
		{D9D87FF2-BB1A-4EBE-A8B6-D0891C8E6C69}.Release|Any CPU.Build.0 = Release|Any CPU
		{FFA3AD8B-E9F3-4DAE-A131-97396E36A000}.Debug|Any CPU.ActiveCfg = Debug|Any CPU
		{FFA3AD8B-E9F3-4DAE-A131-97396E36A000}.Debug|Any CPU.Build.0 = Debug|Any CPU
		{FFA3AD8B-E9F3-4DAE-A131-97396E36A000}.Release|Any CPU.ActiveCfg = Release|Any CPU
		{FFA3AD8B-E9F3-4DAE-A131-97396E36A000}.Release|Any CPU.Build.0 = Release|Any CPU
		{DAD42ECB-058F-49CC-9325-43C61E66687F}.Debug|Any CPU.ActiveCfg = Debug|Any CPU
		{DAD42ECB-058F-49CC-9325-43C61E66687F}.Debug|Any CPU.Build.0 = Debug|Any CPU
		{DAD42ECB-058F-49CC-9325-43C61E66687F}.Release|Any CPU.ActiveCfg = Release|Any CPU
		{DAD42ECB-058F-49CC-9325-43C61E66687F}.Release|Any CPU.Build.0 = Release|Any CPU
	EndGlobalSection
	GlobalSection(SolutionProperties) = preSolution
		HideSolutionNode = FALSE
	EndGlobalSection
	GlobalSection(NestedProjects) = preSolution
		{FFA3AD8B-E9F3-4DAE-A131-97396E36A000} = {1BE9182F-1924-47FE-B8FC-8973BE56EC5A}
		{DAD42ECB-058F-49CC-9325-43C61E66687F} = {3AF5EA63-577D-4B4D-9B86-CEE34083F8F1}
	EndGlobalSection
	GlobalSection(ExtensibilityGlobals) = postSolution
		SolutionGuid = {CF28E3AF-B9AE-4D93-9214-CF2D61FEA242}
	EndGlobalSection
EndGlobal
